{
  "version": 4,
  "terraform_version": "0.12.18",
  "serial": 29,
  "lineage": "a3b69a4f-4d2b-b295-f75a-9f826a8d280b",
  "outputs": {},
  "resources": [
    {
      "mode": "data",
      "type": "aws_availability_zones",
      "name": "availability_zones",
      "provider": "provider.aws",
      "instances": [
        {
          "schema_version": 0,
          "attributes": {
            "all_availability_zones": null,
            "exclude_names": null,
            "exclude_zone_ids": null,
            "filter": null,
            "group_names": [
              "us-east-1"
            ],
            "id": "2020-08-24 02:10:59.182751001 +0000 UTC",
            "names": [
              "us-east-1a",
              "us-east-1b",
              "us-east-1c",
              "us-east-1d",
              "us-east-1e",
              "us-east-1f"
            ],
            "state": null,
            "zone_ids": [
              "use1-az1",
              "use1-az2",
              "use1-az4",
              "use1-az6",
              "use1-az3",
              "use1-az5"
            ]
          }
        }
      ]
    },
    {
      "mode": "managed",
      "type": "aws_db_instance",
      "name": "my_database_instance",
      "provider": "provider.aws",
      "instances": []
    },
    {
      "mode": "managed",
      "type": "aws_default_route_table",
      "name": "myvpc_main_route_table",
      "provider": "provider.aws",
      "instances": [
        {
          "schema_version": 0,
          "attributes": {
            "default_route_table_id": "rtb-06ae2218aa3fa78e5",
            "id": "rtb-06ae2218aa3fa78e5",
            "owner_id": "882262995224",
            "propagating_vgws": null,
            "route": [],
            "tags": {
              "Name": "myvpc_main_route_table"
            },
            "vpc_id": "vpc-0849fff974b51e1ef"
          },
          "private": "bnVsbA==",
          "dependencies": [
            "aws_vpc.myvpc"
          ]
        }
      ]
    },
    {
      "mode": "managed",
      "type": "aws_instance",
      "name": "my_web_instance",
      "provider": "provider.aws",
      "instances": [
        {
          "status": "tainted",
          "schema_version": 1,
          "attributes": {
            "ami": "ami-02354e95b39ca8dec",
            "arn": "arn:aws:ec2:us-east-1:882262995224:instance/i-0b88fb46a54a0acbb",
            "associate_public_ip_address": true,
            "availability_zone": "us-east-1a",
            "cpu_core_count": 1,
            "cpu_threads_per_core": 1,
            "credit_specification": [
              {
                "cpu_credits": "standard"
              }
            ],
            "disable_api_termination": false,
            "ebs_block_device": [],
            "ebs_optimized": false,
            "ephemeral_block_device": [],
            "get_password_data": false,
            "hibernation": false,
            "host_id": null,
            "iam_instance_profile": "",
            "id": "i-0b88fb46a54a0acbb",
            "instance_initiated_shutdown_behavior": null,
            "instance_state": "running",
            "instance_type": "t2.micro",
            "ipv6_address_count": 0,
            "ipv6_addresses": [],
            "key_name": "",
            "metadata_options": [
              {
                "http_endpoint": "enabled",
                "http_put_response_hop_limit": 1,
                "http_tokens": "optional"
              }
            ],
            "monitoring": false,
            "network_interface": [],
            "outpost_arn": "",
            "password_data": "",
            "placement_group": "",
            "primary_network_interface_id": "eni-0c3e6492759093cff",
            "private_dns": "ip-192-168-1-73.ec2.internal",
            "private_ip": "192.168.1.73",
            "public_dns": "ec2-3-237-61-60.compute-1.amazonaws.com",
            "public_ip": "3.237.61.60",
            "root_block_device": [
              {
                "delete_on_termination": true,
                "device_name": "/dev/xvda",
                "encrypted": false,
                "iops": 100,
                "kms_key_id": "",
                "volume_id": "vol-034be4efb839e387b",
                "volume_size": 8,
                "volume_type": "gp2"
              }
            ],
            "secondary_private_ips": [],
            "security_groups": [],
            "source_dest_check": true,
            "subnet_id": "subnet-0273f4d4d1de5595d",
            "tags": {
              "Name": "my_web_instance"
            },
            "tenancy": "default",
            "timeouts": null,
            "user_data": null,
            "user_data_base64": null,
            "volume_tags": {
              "Name": "my_web_instance_volume"
            },
            "vpc_security_group_ids": [
              "sg-0d499acb65deaadd4"
            ]
          },
          "private": "eyJlMmJmYjczMC1lY2FhLTExZTYtOGY4OC0zNDM2M2JjN2M0YzAiOnsiY3JlYXRlIjo2MDAwMDAwMDAwMDAsImRlbGV0ZSI6MTIwMDAwMDAwMDAwMCwidXBkYXRlIjo2MDAwMDAwMDAwMDB9LCJzY2hlbWFfdmVyc2lvbiI6IjEifQ==",
          "dependencies": [
            "aws_security_group.web_security_group",
            "aws_subnet.myvpc_public_subnet",
            "aws_vpc.myvpc"
          ]
        }
      ]
    },
    {
      "mode": "managed",
      "type": "aws_internet_gateway",
      "name": "myvpc_internet_gateway",
      "provider": "provider.aws",
      "instances": [
        {
          "schema_version": 0,
          "attributes": {
            "arn": "arn:aws:ec2:us-east-1:882262995224:internet-gateway/igw-0bd79cd40d6d0e299",
            "id": "igw-0bd79cd40d6d0e299",
            "owner_id": "882262995224",
            "tags": {
              "Name": "myvpc_internet_gateway"
            },
            "vpc_id": "vpc-0849fff974b51e1ef"
          },
          "private": "bnVsbA==",
          "dependencies": [
            "aws_vpc.myvpc"
          ]
        }
      ]
    },
    {
      "mode": "managed",
      "type": "aws_key_pair",
      "name": "test",
      "provider": "provider.aws",
      "instances": [
        {
          "schema_version": 1,
          "attributes": {
            "arn": "arn:aws:ec2:us-east-1:882262995224:key-pair/eb014f9c-4b47-fdc0-08f4-c6c36cf3f1f8",
            "fingerprint": "f7:f2:d5:e2:86:2e:53:27:cb:7c:5d:90:13:59:ab:7f",
            "id": "eb014f9c-4b47-fdc0-08f4-c6c36cf3f1f8",
            "key_name": "eb014f9c-4b47-fdc0-08f4-c6c36cf3f1f8",
            "key_name_prefix": null,
            "key_pair_id": "key-0771517639027d906",
            "public_key": "ssh-rsa AAAAB3NzaC1yc2EAAAADAQABAAABAQDK+ffhcsXEdssmaHDCpWHBOAtoLtqOs9QGC3crabuWFWE7jJsnJlzevZftSfwRczAt4ZSt+7oOZFnB5GkdoaJghe51CcDNwXG7ijLZfbjrXaO88WKfifg5r9lEymjJr/ACNtjEEjD7J1A7CtSW8m+p+KSpdVXAagW6iLoOOyMMfg9Ghso7WRAsigrPszPTL/Px2OKuvi6t4QhfQTSnGzLpirTHKJE2Of3+uEi0W+AWMbPEgqsCh+ofRuhzq0XvuBiAmds2rVpXI7ShCKOC0qmRt6oLlqk1k+eeChX5VjB6B2YdBUhDQaFVNGnyCyL/zQcl99ujkgMFyehG/btZdaU1",
            "tags": null
          },
          "private": "eyJzY2hlbWFfdmVyc2lvbiI6IjEifQ==",
          "dependencies": [
            "tls_private_key.t"
          ]
        }
      ]
    },
    {
      "mode": "managed",
      "type": "aws_route_table",
      "name": "myvpc_private_subnet_route_table",
      "provider": "provider.aws",
      "instances": [
        {
          "schema_version": 0,
          "attributes": {
            "id": "rtb-004c128c6a4c54270",
            "owner_id": "882262995224",
            "propagating_vgws": [],
            "route": [],
            "tags": {
              "Name": "myvpc_private_subnet_route_table"
            },
            "vpc_id": "vpc-0849fff974b51e1ef"
          },
          "private": "bnVsbA==",
          "dependencies": [
            "aws_vpc.myvpc"
          ]
        }
      ]
    },
    {
      "mode": "managed",
      "type": "aws_route_table",
      "name": "myvpc_public_subnet_route_table",
      "provider": "provider.aws",
      "instances": [
        {
          "schema_version": 0,
          "attributes": {
            "id": "rtb-0f52c491b95b69d83",
            "owner_id": "882262995224",
            "propagating_vgws": [],
            "route": [
              {
                "cidr_block": "0.0.0.0/0",
                "egress_only_gateway_id": "",
                "gateway_id": "igw-0bd79cd40d6d0e299",
                "instance_id": "",
                "ipv6_cidr_block": "",
                "nat_gateway_id": "",
                "network_interface_id": "",
                "transit_gateway_id": "",
                "vpc_peering_connection_id": ""
              }
            ],
            "tags": {
              "Name": "myvpc_public_subnet_route_table"
            },
            "vpc_id": "vpc-0849fff974b51e1ef"
          },
          "private": "bnVsbA==",
          "dependencies": [
            "aws_internet_gateway.myvpc_internet_gateway",
            "aws_vpc.myvpc"
          ]
        }
      ]
    },
    {
      "mode": "managed",
      "type": "aws_route_table_association",
      "name": "myvpc_private_subnet_one_route_table_assosiation",
      "provider": "provider.aws",
      "instances": [
        {
          "schema_version": 0,
          "attributes": {
            "gateway_id": null,
            "id": "rtbassoc-01aebfe928938e120",
            "route_table_id": "rtb-004c128c6a4c54270",
            "subnet_id": "subnet-0775ff2854eb91fa5"
          },
          "private": "bnVsbA==",
          "dependencies": [
            "aws_route_table.myvpc_private_subnet_route_table",
            "aws_subnet.myvpc_private_subnet_one",
            "aws_vpc.myvpc"
          ]
        }
      ]
    },
    {
      "mode": "managed",
      "type": "aws_route_table_association",
      "name": "myvpc_private_subnet_two_route_table_assosiation",
      "provider": "provider.aws",
      "instances": [
        {
          "schema_version": 0,
          "attributes": {
            "gateway_id": null,
            "id": "rtbassoc-02dde4116ed7f6ae3",
            "route_table_id": "rtb-004c128c6a4c54270",
            "subnet_id": "subnet-06612a08eeed9cbfc"
          },
          "private": "bnVsbA==",
          "dependencies": [
            "aws_route_table.myvpc_private_subnet_route_table",
            "aws_subnet.myvpc_private_subnet_two",
            "aws_vpc.myvpc"
          ]
        }
      ]
    },
    {
      "mode": "managed",
      "type": "aws_route_table_association",
      "name": "myvpc_public_subnet_route_table",
      "provider": "provider.aws",
      "instances": [
        {
          "schema_version": 0,
          "attributes": {
            "gateway_id": null,
            "id": "rtbassoc-06f561e941beb250f",
            "route_table_id": "rtb-0f52c491b95b69d83",
            "subnet_id": "subnet-0273f4d4d1de5595d"
          },
          "private": "bnVsbA==",
          "dependencies": [
            "aws_internet_gateway.myvpc_internet_gateway",
            "aws_route_table.myvpc_public_subnet_route_table",
            "aws_subnet.myvpc_public_subnet",
            "aws_vpc.myvpc"
          ]
        }
      ]
    },
    {
      "mode": "managed",
      "type": "aws_security_group",
      "name": "db_security_group",
      "provider": "provider.aws",
      "instances": [
        {
          "schema_version": 1,
          "attributes": {
            "arn": "arn:aws:ec2:us-east-1:882262995224:security-group/sg-0e0d42e1f97eef63e",
            "description": "Allow all inbound traffic",
            "egress": [],
            "id": "sg-0e0d42e1f97eef63e",
            "ingress": [],
            "name": "db_security_group",
            "name_prefix": "",
            "owner_id": "882262995224",
            "revoke_rules_on_delete": false,
            "tags": {
              "Name": "myvpc_db_security_group"
            },
            "timeouts": null,
            "vpc_id": "vpc-0849fff974b51e1ef"
          },
          "private": "eyJlMmJmYjczMC1lY2FhLTExZTYtOGY4OC0zNDM2M2JjN2M0YzAiOnsiY3JlYXRlIjo2MDAwMDAwMDAwMDAsImRlbGV0ZSI6NjAwMDAwMDAwMDAwfSwic2NoZW1hX3ZlcnNpb24iOiIxIn0=",
          "dependencies": [
            "aws_vpc.myvpc"
          ]
        }
      ]
    },
    {
      "mode": "managed",
      "type": "aws_security_group",
      "name": "web_security_group",
      "provider": "provider.aws",
      "instances": [
        {
          "schema_version": 1,
          "attributes": {
            "arn": "arn:aws:ec2:us-east-1:882262995224:security-group/sg-0d499acb65deaadd4",
            "description": "Allow all inbound traffic",
            "egress": [],
            "id": "sg-0d499acb65deaadd4",
            "ingress": [],
            "name": "web_security_group",
            "name_prefix": "",
            "owner_id": "882262995224",
            "revoke_rules_on_delete": false,
            "tags": {
              "Name": "myvpc_web_security_group"
            },
            "timeouts": null,
            "vpc_id": "vpc-0849fff974b51e1ef"
          },
          "private": "eyJlMmJmYjczMC1lY2FhLTExZTYtOGY4OC0zNDM2M2JjN2M0YzAiOnsiY3JlYXRlIjo2MDAwMDAwMDAwMDAsImRlbGV0ZSI6NjAwMDAwMDAwMDAwfSwic2NoZW1hX3ZlcnNpb24iOiIxIn0=",
          "dependencies": [
            "aws_vpc.myvpc"
          ]
        }
      ]
    },
    {
      "mode": "managed",
      "type": "aws_security_group_rule",
      "name": "db_egress",
      "each": "list",
      "provider": "provider.aws",
      "instances": [
        {
          "index_key": 0,
          "schema_version": 2,
          "attributes": {
            "cidr_blocks": [
              "0.0.0.0/0"
            ],
            "description": null,
            "from_port": 22,
            "id": "sgrule-4276935424",
            "ipv6_cidr_blocks": null,
            "prefix_list_ids": null,
            "protocol": "tcp",
            "security_group_id": "sg-0e0d42e1f97eef63e",
            "self": false,
            "source_security_group_id": null,
            "to_port": 22,
            "type": "egress"
          },
          "private": "eyJzY2hlbWFfdmVyc2lvbiI6IjIifQ==",
          "dependencies": [
            "aws_security_group.db_security_group",
            "aws_vpc.myvpc"
          ]
        },
        {
          "index_key": 1,
          "schema_version": 2,
          "attributes": {
            "cidr_blocks": [
              "0.0.0.0/0"
            ],
            "description": null,
            "from_port": 3306,
            "id": "sgrule-2727678027",
            "ipv6_cidr_blocks": null,
            "prefix_list_ids": null,
            "protocol": "tcp",
            "security_group_id": "sg-0e0d42e1f97eef63e",
            "self": false,
            "source_security_group_id": null,
            "to_port": 3306,
            "type": "egress"
          },
          "private": "eyJzY2hlbWFfdmVyc2lvbiI6IjIifQ==",
          "dependencies": [
            "aws_security_group.db_security_group",
            "aws_vpc.myvpc"
          ]
        }
      ]
    },
    {
      "mode": "managed",
      "type": "aws_security_group_rule",
      "name": "db_ingress",
      "each": "list",
      "provider": "provider.aws",
      "instances": [
        {
          "index_key": 0,
          "schema_version": 2,
          "attributes": {
            "cidr_blocks": [
              "0.0.0.0/0"
            ],
            "description": null,
            "from_port": 22,
            "id": "sgrule-2197606287",
            "ipv6_cidr_blocks": null,
            "prefix_list_ids": null,
            "protocol": "tcp",
            "security_group_id": "sg-0e0d42e1f97eef63e",
            "self": false,
            "source_security_group_id": null,
            "to_port": 22,
            "type": "ingress"
          },
          "private": "eyJzY2hlbWFfdmVyc2lvbiI6IjIifQ==",
          "dependencies": [
            "aws_security_group.db_security_group",
            "aws_vpc.myvpc"
          ]
        },
        {
          "index_key": 1,
          "schema_version": 2,
          "attributes": {
            "cidr_blocks": [
              "0.0.0.0/0"
            ],
            "description": null,
            "from_port": 3306,
            "id": "sgrule-1672359516",
            "ipv6_cidr_blocks": null,
            "prefix_list_ids": null,
            "protocol": "tcp",
            "security_group_id": "sg-0e0d42e1f97eef63e",
            "self": false,
            "source_security_group_id": null,
            "to_port": 3306,
            "type": "ingress"
          },
          "private": "eyJzY2hlbWFfdmVyc2lvbiI6IjIifQ==",
          "dependencies": [
            "aws_security_group.db_security_group",
            "aws_vpc.myvpc"
          ]
        }
      ]
    },
    {
      "mode": "managed",
      "type": "aws_security_group_rule",
      "name": "web_egress",
      "each": "list",
      "provider": "provider.aws",
      "instances": [
        {
          "index_key": 0,
          "schema_version": 2,
          "attributes": {
            "cidr_blocks": [
              "0.0.0.0/0"
            ],
            "description": null,
            "from_port": 22,
            "id": "sgrule-3523949172",
            "ipv6_cidr_blocks": null,
            "prefix_list_ids": null,
            "protocol": "tcp",
            "security_group_id": "sg-0d499acb65deaadd4",
            "self": false,
            "source_security_group_id": null,
            "to_port": 22,
            "type": "egress"
          },
          "private": "eyJzY2hlbWFfdmVyc2lvbiI6IjIifQ==",
          "dependencies": [
            "aws_security_group.web_security_group",
            "aws_vpc.myvpc"
          ]
        },
        {
          "index_key": 1,
          "schema_version": 2,
          "attributes": {
            "cidr_blocks": [
              "0.0.0.0/0"
            ],
            "description": null,
            "from_port": 80,
            "id": "sgrule-1048296011",
            "ipv6_cidr_blocks": null,
            "prefix_list_ids": null,
            "protocol": "tcp",
            "security_group_id": "sg-0d499acb65deaadd4",
            "self": false,
            "source_security_group_id": null,
            "to_port": 80,
            "type": "egress"
          },
          "private": "eyJzY2hlbWFfdmVyc2lvbiI6IjIifQ==",
          "dependencies": [
            "aws_security_group.web_security_group",
            "aws_vpc.myvpc"
          ]
        },
        {
          "index_key": 2,
          "schema_version": 2,
          "attributes": {
            "cidr_blocks": [
              "0.0.0.0/0"
            ],
            "description": null,
            "from_port": 443,
            "id": "sgrule-3244254490",
            "ipv6_cidr_blocks": null,
            "prefix_list_ids": null,
            "protocol": "tcp",
            "security_group_id": "sg-0d499acb65deaadd4",
            "self": false,
            "source_security_group_id": null,
            "to_port": 443,
            "type": "egress"
          },
          "private": "eyJzY2hlbWFfdmVyc2lvbiI6IjIifQ==",
          "dependencies": [
            "aws_security_group.web_security_group",
            "aws_vpc.myvpc"
          ]
        },
        {
          "index_key": 3,
          "schema_version": 2,
          "attributes": {
            "cidr_blocks": [
              "0.0.0.0/0"
            ],
            "description": null,
            "from_port": 3306,
            "id": "sgrule-3273442663",
            "ipv6_cidr_blocks": null,
            "prefix_list_ids": null,
            "protocol": "tcp",
            "security_group_id": "sg-0d499acb65deaadd4",
            "self": false,
            "source_security_group_id": null,
            "to_port": 3306,
            "type": "egress"
          },
          "private": "eyJzY2hlbWFfdmVyc2lvbiI6IjIifQ==",
          "dependencies": [
            "aws_security_group.web_security_group",
            "aws_vpc.myvpc"
          ]
        }
      ]
    },
    {
      "mode": "managed",
      "type": "aws_security_group_rule",
      "name": "web_ingress",
      "each": "list",
      "provider": "provider.aws",
      "instances": [
        {
          "index_key": 0,
          "schema_version": 2,
          "attributes": {
            "cidr_blocks": [
              "0.0.0.0/0"
            ],
            "description": null,
            "from_port": 22,
            "id": "sgrule-3585645891",
            "ipv6_cidr_blocks": null,
            "prefix_list_ids": null,
            "protocol": "tcp",
            "security_group_id": "sg-0d499acb65deaadd4",
            "self": false,
            "source_security_group_id": null,
            "to_port": 22,
            "type": "ingress"
          },
          "private": "eyJzY2hlbWFfdmVyc2lvbiI6IjIifQ==",
          "dependencies": [
            "aws_security_group.web_security_group",
            "aws_vpc.myvpc"
          ]
        },
        {
          "index_key": 1,
          "schema_version": 2,
          "attributes": {
            "cidr_blocks": [
              "0.0.0.0/0"
            ],
            "description": null,
            "from_port": 80,
            "id": "sgrule-1664270582",
            "ipv6_cidr_blocks": null,
            "prefix_list_ids": null,
            "protocol": "tcp",
            "security_group_id": "sg-0d499acb65deaadd4",
            "self": false,
            "source_security_group_id": null,
            "to_port": 80,
            "type": "ingress"
          },
          "private": "eyJzY2hlbWFfdmVyc2lvbiI6IjIifQ==",
          "dependencies": [
            "aws_security_group.web_security_group",
            "aws_vpc.myvpc"
          ]
        },
        {
          "index_key": 2,
          "schema_version": 2,
          "attributes": {
            "cidr_blocks": [
              "0.0.0.0/0"
            ],
            "description": null,
            "from_port": 443,
            "id": "sgrule-2141291851",
            "ipv6_cidr_blocks": null,
            "prefix_list_ids": null,
            "protocol": "tcp",
            "security_group_id": "sg-0d499acb65deaadd4",
            "self": false,
            "source_security_group_id": null,
            "to_port": 443,
            "type": "ingress"
          },
          "private": "eyJzY2hlbWFfdmVyc2lvbiI6IjIifQ==",
          "dependencies": [
            "aws_security_group.web_security_group",
            "aws_vpc.myvpc"
          ]
        },
        {
          "index_key": 3,
          "schema_version": 2,
          "attributes": {
            "cidr_blocks": [
              "0.0.0.0/0"
            ],
            "description": null,
            "from_port": 3306,
            "id": "sgrule-1360513898",
            "ipv6_cidr_blocks": null,
            "prefix_list_ids": null,
            "protocol": "tcp",
            "security_group_id": "sg-0d499acb65deaadd4",
            "self": false,
            "source_security_group_id": null,
            "to_port": 3306,
            "type": "ingress"
          },
          "private": "eyJzY2hlbWFfdmVyc2lvbiI6IjIifQ==",
          "dependencies": [
            "aws_security_group.web_security_group",
            "aws_vpc.myvpc"
          ]
        }
      ]
    },
    {
      "mode": "managed",
      "type": "aws_subnet",
      "name": "myvpc_private_subnet_one",
      "provider": "provider.aws",
      "instances": [
        {
          "schema_version": 1,
          "attributes": {
            "arn": "arn:aws:ec2:us-east-1:882262995224:subnet/subnet-0775ff2854eb91fa5",
            "assign_ipv6_address_on_creation": false,
            "availability_zone": "us-east-1a",
            "availability_zone_id": "use1-az1",
            "cidr_block": "192.168.2.0/24",
            "id": "subnet-0775ff2854eb91fa5",
            "ipv6_cidr_block": "",
            "ipv6_cidr_block_association_id": "",
            "map_public_ip_on_launch": false,
            "outpost_arn": "",
            "owner_id": "882262995224",
            "tags": {
              "Name": "myvpc_private_subnet_one"
            },
            "timeouts": null,
            "vpc_id": "vpc-0849fff974b51e1ef"
          },
          "private": "eyJlMmJmYjczMC1lY2FhLTExZTYtOGY4OC0zNDM2M2JjN2M0YzAiOnsiY3JlYXRlIjo2MDAwMDAwMDAwMDAsImRlbGV0ZSI6MTIwMDAwMDAwMDAwMH0sInNjaGVtYV92ZXJzaW9uIjoiMSJ9",
          "dependencies": [
            "aws_vpc.myvpc"
          ]
        }
      ]
    },
    {
      "mode": "managed",
      "type": "aws_subnet",
      "name": "myvpc_private_subnet_two",
      "provider": "provider.aws",
      "instances": [
        {
          "schema_version": 1,
          "attributes": {
            "arn": "arn:aws:ec2:us-east-1:882262995224:subnet/subnet-06612a08eeed9cbfc",
            "assign_ipv6_address_on_creation": false,
            "availability_zone": "us-east-1b",
            "availability_zone_id": "use1-az2",
            "cidr_block": "192.168.3.0/24",
            "id": "subnet-06612a08eeed9cbfc",
            "ipv6_cidr_block": "",
            "ipv6_cidr_block_association_id": "",
            "map_public_ip_on_launch": false,
            "outpost_arn": "",
            "owner_id": "882262995224",
            "tags": {
              "Name": "myvpc_private_subnet_two"
            },
            "timeouts": null,
            "vpc_id": "vpc-0849fff974b51e1ef"
          },
          "private": "eyJlMmJmYjczMC1lY2FhLTExZTYtOGY4OC0zNDM2M2JjN2M0YzAiOnsiY3JlYXRlIjo2MDAwMDAwMDAwMDAsImRlbGV0ZSI6MTIwMDAwMDAwMDAwMH0sInNjaGVtYV92ZXJzaW9uIjoiMSJ9",
          "dependencies": [
            "aws_vpc.myvpc"
          ]
        }
      ]
    },
    {
      "mode": "managed",
      "type": "aws_subnet",
      "name": "myvpc_public_subnet",
      "provider": "provider.aws",
      "instances": [
        {
          "schema_version": 1,
          "attributes": {
            "arn": "arn:aws:ec2:us-east-1:882262995224:subnet/subnet-0273f4d4d1de5595d",
            "assign_ipv6_address_on_creation": false,
            "availability_zone": "us-east-1a",
            "availability_zone_id": "use1-az1",
            "cidr_block": "192.168.1.0/24",
            "id": "subnet-0273f4d4d1de5595d",
            "ipv6_cidr_block": "",
            "ipv6_cidr_block_association_id": "",
            "map_public_ip_on_launch": true,
            "outpost_arn": "",
            "owner_id": "882262995224",
            "tags": {
              "Name": "myvpc_public_subnet"
            },
            "timeouts": null,
            "vpc_id": "vpc-0849fff974b51e1ef"
          },
          "private": "eyJlMmJmYjczMC1lY2FhLTExZTYtOGY4OC0zNDM2M2JjN2M0YzAiOnsiY3JlYXRlIjo2MDAwMDAwMDAwMDAsImRlbGV0ZSI6MTIwMDAwMDAwMDAwMH0sInNjaGVtYV92ZXJzaW9uIjoiMSJ9",
          "dependencies": [
            "aws_vpc.myvpc"
          ]
        }
      ]
    },
    {
      "mode": "managed",
      "type": "aws_vpc",
      "name": "myvpc",
      "provider": "provider.aws",
      "instances": [
        {
          "schema_version": 1,
          "attributes": {
            "arn": "arn:aws:ec2:us-east-1:882262995224:vpc/vpc-0849fff974b51e1ef",
            "assign_generated_ipv6_cidr_block": false,
            "cidr_block": "192.168.0.0/16",
            "default_network_acl_id": "acl-04fbbf38cee913663",
            "default_route_table_id": "rtb-06ae2218aa3fa78e5",
            "default_security_group_id": "sg-0083e5a74ac9692db",
            "dhcp_options_id": "dopt-09d85c73",
            "enable_classiclink": false,
            "enable_classiclink_dns_support": false,
            "enable_dns_hostnames": true,
            "enable_dns_support": true,
            "id": "vpc-0849fff974b51e1ef",
            "instance_tenancy": "default",
            "ipv6_association_id": "",
            "ipv6_cidr_block": "",
            "main_route_table_id": "rtb-06ae2218aa3fa78e5",
            "owner_id": "882262995224",
            "tags": {
              "Name": "myvpc"
            }
          },
          "private": "eyJzY2hlbWFfdmVyc2lvbiI6IjEifQ=="
        }
      ]
    },
    {
      "mode": "managed",
      "type": "local_file",
      "name": "key",
      "provider": "provider.local",
      "instances": [
        {
          "schema_version": 0,
          "attributes": {
            "content": "-----BEGIN RSA PRIVATE KEY-----\nMIIEowIBAAKCAQEAyvn34XLFxHbLJmhwwqVhwTgLaC7ajrPUBgt3K2m7lhVhO4yb\nJyZc3r2X7Un8EXMwLeGUrfu6DmRZweRpHaGiYIXudQnAzcFxu4oy2X24612jvPFi\nn4n4Oa/ZRMpoya/wAjbYxBIw+ydQOwrUlvJvqfikqXVVwGoFuoi6DjsjDH4PRobK\nO1kQLIoKz7Mz0y/z8djirr4ureEIX0E0pxsy6Yq0xyiRNjn9/rhItFvgFjGzxIKr\nAofqH0boc6tF77gYgJnbNq1aVyO0oQijgtKpkbeqC5apNZPnngoV+VYwegdmHQVI\nQ0GhVTRp8gsi/80HJffbo5IDBcnoRv27WXWlNQIDAQABAoIBAFkipMSQjmDUeioH\nu1z/G4qqfffme3wnZHizGEYsTICAKw7nlEsBAc+fGtTNpLBVEVdUtOIipXYkg3Yu\nRCsLDC+vISSsf8rbpIJjEimImGhj2r/ikRjWkfdjTdpzuMi5RoDybQbNpkzk2srS\n2sDe/kJ6OnVgXaP96z4bRPly5tVYzTcYtPKlCv48M91LX9HzAQpwX/jsRBzA4xuZ\n7WYtWzfXqLEGCjdamN0bLPv7IMlUMERRvYZdXpChEVPGXeOcAi//2jOlyyGF1000\ns5wuWAmvm0huiLzvJR3hmznkpRa2RvpdwXbiBclS8/Ei0jCYb06ZHqUi43akIrOG\njBqL6IECgYEA/Q067RyfJo2iRHbb0oC3ZRrDvAP14vXpRD0qZPJ/io0RVIna0sWO\nTjK35YYbeNsJVxckKQbq4L3+qs2du/PBZVa2F0WlFHZbdothnu91ExRBsu5LA6aG\nLaQznqoPbc3goNctlKtIchMaBMcm+f7Fwp1iOHircaJtbcLvgXmzsokCgYEAzVdh\nUXknTqzTDGQpob8JagmO9NfcSF1xWFsvrE1dfI0fUUoo0X+tpEWB/Nv9L2/qHjGa\naJPfB55pj+cYqSuo8OUzn55YBOohk8U0laDnfrjiDKz87smnxVEgpBwT2qjG5v9H\nx+d/9OmSpSz3RdRH2MT++r8B9ZqoEx9jTUFs4k0CgYEAmkk0wlkPGByG8SNfB8t/\nBd/5s2rewpCYtwhsDrxj0wALrvWWO6hECZ2WzhSkL12tJjJv06vqDTkKSu2u3GfU\nZIsn3qyR6BX50h9NV/A7+3QAUq5DgmhHqxBQgM7DNXmvGaHYoqqEMzk+Red+9jHG\nNdBrkG7SaShVe/S8vr6LN7ECgYB8VDjvfLzJDSloKkluzt2jX5A4PW76PeHADs4p\ntFozbLsWnCFk37rCaPeQo56EF24YxA3q3gW/djISWGl9HJtY6F4+ekBvEVgtQc1Z\n/6fK+aSc6iznZB/5/+oUk4+N6H0uJklPB6NZJgeNjVFW7XZnELgWGIrWK8MyeOHG\nSCPmTQKBgCmaXrTFOK5k/FMHF79UjZhTl/iL79t2Md/n/S9jWdetY5qYr+FjErAd\nZPrskAMM45d2eXOtqmIqstYhumTbtkNrO/AcW4m1V3UWH239xWbrxTQpFWd9iDn+\n4sQ1SQW/xwH/RqJeEe8Xu3DJlFvWj/lfKh/5q4Z9PG6tMsTE60gm\n-----END RSA PRIVATE KEY-----\n",
            "content_base64": null,
            "directory_permission": "0777",
            "file_permission": "0777",
            "filename": "id_rsa",
            "id": "749c1942f2ddf42a3be69982f3f1699cf171a863",
            "sensitive_content": null
          },
          "private": "bnVsbA==",
          "dependencies": [
            "tls_private_key.t"
          ]
        }
      ]
    },
    {
      "mode": "managed",
      "type": "tls_private_key",
      "name": "t",
      "provider": "provider.tls",
      "instances": [
        {
          "schema_version": 0,
          "attributes": {
            "algorithm": "RSA",
            "ecdsa_curve": "P224",
            "id": "36c12a21e8ed6fa8470a832606d300b330048946",
            "private_key_pem": "-----BEGIN RSA PRIVATE KEY-----\nMIIEowIBAAKCAQEAyvn34XLFxHbLJmhwwqVhwTgLaC7ajrPUBgt3K2m7lhVhO4yb\nJyZc3r2X7Un8EXMwLeGUrfu6DmRZweRpHaGiYIXudQnAzcFxu4oy2X24612jvPFi\nn4n4Oa/ZRMpoya/wAjbYxBIw+ydQOwrUlvJvqfikqXVVwGoFuoi6DjsjDH4PRobK\nO1kQLIoKz7Mz0y/z8djirr4ureEIX0E0pxsy6Yq0xyiRNjn9/rhItFvgFjGzxIKr\nAofqH0boc6tF77gYgJnbNq1aVyO0oQijgtKpkbeqC5apNZPnngoV+VYwegdmHQVI\nQ0GhVTRp8gsi/80HJffbo5IDBcnoRv27WXWlNQIDAQABAoIBAFkipMSQjmDUeioH\nu1z/G4qqfffme3wnZHizGEYsTICAKw7nlEsBAc+fGtTNpLBVEVdUtOIipXYkg3Yu\nRCsLDC+vISSsf8rbpIJjEimImGhj2r/ikRjWkfdjTdpzuMi5RoDybQbNpkzk2srS\n2sDe/kJ6OnVgXaP96z4bRPly5tVYzTcYtPKlCv48M91LX9HzAQpwX/jsRBzA4xuZ\n7WYtWzfXqLEGCjdamN0bLPv7IMlUMERRvYZdXpChEVPGXeOcAi//2jOlyyGF1000\ns5wuWAmvm0huiLzvJR3hmznkpRa2RvpdwXbiBclS8/Ei0jCYb06ZHqUi43akIrOG\njBqL6IECgYEA/Q067RyfJo2iRHbb0oC3ZRrDvAP14vXpRD0qZPJ/io0RVIna0sWO\nTjK35YYbeNsJVxckKQbq4L3+qs2du/PBZVa2F0WlFHZbdothnu91ExRBsu5LA6aG\nLaQznqoPbc3goNctlKtIchMaBMcm+f7Fwp1iOHircaJtbcLvgXmzsokCgYEAzVdh\nUXknTqzTDGQpob8JagmO9NfcSF1xWFsvrE1dfI0fUUoo0X+tpEWB/Nv9L2/qHjGa\naJPfB55pj+cYqSuo8OUzn55YBOohk8U0laDnfrjiDKz87smnxVEgpBwT2qjG5v9H\nx+d/9OmSpSz3RdRH2MT++r8B9ZqoEx9jTUFs4k0CgYEAmkk0wlkPGByG8SNfB8t/\nBd/5s2rewpCYtwhsDrxj0wALrvWWO6hECZ2WzhSkL12tJjJv06vqDTkKSu2u3GfU\nZIsn3qyR6BX50h9NV/A7+3QAUq5DgmhHqxBQgM7DNXmvGaHYoqqEMzk+Red+9jHG\nNdBrkG7SaShVe/S8vr6LN7ECgYB8VDjvfLzJDSloKkluzt2jX5A4PW76PeHADs4p\ntFozbLsWnCFk37rCaPeQo56EF24YxA3q3gW/djISWGl9HJtY6F4+ekBvEVgtQc1Z\n/6fK+aSc6iznZB/5/+oUk4+N6H0uJklPB6NZJgeNjVFW7XZnELgWGIrWK8MyeOHG\nSCPmTQKBgCmaXrTFOK5k/FMHF79UjZhTl/iL79t2Md/n/S9jWdetY5qYr+FjErAd\nZPrskAMM45d2eXOtqmIqstYhumTbtkNrO/AcW4m1V3UWH239xWbrxTQpFWd9iDn+\n4sQ1SQW/xwH/RqJeEe8Xu3DJlFvWj/lfKh/5q4Z9PG6tMsTE60gm\n-----END RSA PRIVATE KEY-----\n",
            "public_key_fingerprint_md5": "d0:8f:b5:d4:ee:e9:ec:ef:35:41:c4:45:ba:44:f2:8f",
            "public_key_openssh": "ssh-rsa AAAAB3NzaC1yc2EAAAADAQABAAABAQDK+ffhcsXEdssmaHDCpWHBOAtoLtqOs9QGC3crabuWFWE7jJsnJlzevZftSfwRczAt4ZSt+7oOZFnB5GkdoaJghe51CcDNwXG7ijLZfbjrXaO88WKfifg5r9lEymjJr/ACNtjEEjD7J1A7CtSW8m+p+KSpdVXAagW6iLoOOyMMfg9Ghso7WRAsigrPszPTL/Px2OKuvi6t4QhfQTSnGzLpirTHKJE2Of3+uEi0W+AWMbPEgqsCh+ofRuhzq0XvuBiAmds2rVpXI7ShCKOC0qmRt6oLlqk1k+eeChX5VjB6B2YdBUhDQaFVNGnyCyL/zQcl99ujkgMFyehG/btZdaU1\n",
            "public_key_pem": "-----BEGIN PUBLIC KEY-----\nMIIBIjANBgkqhkiG9w0BAQEFAAOCAQ8AMIIBCgKCAQEAyvn34XLFxHbLJmhwwqVh\nwTgLaC7ajrPUBgt3K2m7lhVhO4ybJyZc3r2X7Un8EXMwLeGUrfu6DmRZweRpHaGi\nYIXudQnAzcFxu4oy2X24612jvPFin4n4Oa/ZRMpoya/wAjbYxBIw+ydQOwrUlvJv\nqfikqXVVwGoFuoi6DjsjDH4PRobKO1kQLIoKz7Mz0y/z8djirr4ureEIX0E0pxsy\n6Yq0xyiRNjn9/rhItFvgFjGzxIKrAofqH0boc6tF77gYgJnbNq1aVyO0oQijgtKp\nkbeqC5apNZPnngoV+VYwegdmHQVIQ0GhVTRp8gsi/80HJffbo5IDBcnoRv27WXWl\nNQIDAQAB\n-----END PUBLIC KEY-----\n",
            "rsa_bits": 2048
          },
          "private": "bnVsbA=="
        }
      ]
    }
  ]
}
